
Microsoft Visual Studio Solution File, Format Version 12.00
# Visual Studio 15
VisualStudioVersion = 15.0.27004.2009
MinimumVisualStudioVersion = 10.0.40219.1
Project("{F184B08F-C81C-45F6-A57F-5ABD9991F28F}") = "S5TDashDesigner", "S5TDashDesigner\S5TDashDesigner.vbproj", "{AD6434DD-FACB-46C2-8375-28D5A7FA8F10}"
EndProject
Project("{F184B08F-C81C-45F6-A57F-5ABD9991F28F}") = "S5TEnviaEmail", "S5TEnviaEmail\S5TEnviaEmail.vbproj", "{E9BE193C-7E8E-4D30-9522-B04D3697DEA1}"
EndProject
Project("{F184B08F-C81C-45F6-A57F-5ABD9991F28F}") = "S5TIndustriaRel", "S5TIndustriaRel\S5TIndustriaRel.vbproj", "{57FC4498-CAB1-4C17-AB96-8EE594649DAB}"
EndProject
Project("{F184B08F-C81C-45F6-A57F-5ABD9991F28F}") = "S5TWebCam", "S5TWebCam\S5TWebCam.vbproj", "{62902254-E04B-48B2-B294-573CF705D749}"
EndProject
Project("{F184B08F-C81C-45F6-A57F-5ABD9991F28F}") = "S5TWinFormAviacao", "S5TWinFormAviacao\S5TWinFormAviacao.vbproj", "{71804848-40AE-417E-887F-4CF14B627242}"
EndProject
Project("{00000005-0004-0000-0000-000000C0DEF1}") = "S5T.model", "S5T.model\S5T.model.cfxproj", "{97D46D12-37F5-4466-806D-14E61755E7F8}"
EndProject
Project("{F184B08F-C81C-45F6-A57F-5ABD9991F28F}") = "S5TBom", "S5TBom\S5TBom.vbproj", "{D654A0B0-1E18-454B-8857-DD300FC0681D}"
EndProject
Project("{F184B08F-C81C-45F6-A57F-5ABD9991F28F}") = "AspNet5t", "AspNet5t\AspNet5t.vbproj", "{CD8E53D2-B177-494B-AE08-1CEEF98E43D7}"
EndProject
Project("{F184B08F-C81C-45F6-A57F-5ABD9991F28F}") = "S5TPedidoAppRel", "S5TPedidoAppRel\S5TPedidoAppRel.vbproj", "{7D26C8FC-F2AF-4F82-9E7C-865574E71792}"
EndProject
Global
	GlobalSection(SolutionConfigurationPlatforms) = preSolution
		CD_ROM|.NET = CD_ROM|.NET
		CD_ROM|Any CPU = CD_ROM|Any CPU
		CD_ROM|Mixed Platforms = CD_ROM|Mixed Platforms
		Debug|.NET = Debug|.NET
		Debug|Any CPU = Debug|Any CPU
		Debug|Mixed Platforms = Debug|Mixed Platforms
		DVD-5|.NET = DVD-5|.NET
		DVD-5|Any CPU = DVD-5|Any CPU
		DVD-5|Mixed Platforms = DVD-5|Mixed Platforms
		Release|.NET = Release|.NET
		Release|Any CPU = Release|Any CPU
		Release|Mixed Platforms = Release|Mixed Platforms
		SingleImage|.NET = SingleImage|.NET
		SingleImage|Any CPU = SingleImage|Any CPU
		SingleImage|Mixed Platforms = SingleImage|Mixed Platforms
	EndGlobalSection
	GlobalSection(ProjectConfigurationPlatforms) = postSolution
		{AD6434DD-FACB-46C2-8375-28D5A7FA8F10}.CD_ROM|.NET.ActiveCfg = Release|Any CPU
		{AD6434DD-FACB-46C2-8375-28D5A7FA8F10}.CD_ROM|.NET.Build.0 = Release|Any CPU
		{AD6434DD-FACB-46C2-8375-28D5A7FA8F10}.CD_ROM|Any CPU.ActiveCfg = Release|Any CPU
		{AD6434DD-FACB-46C2-8375-28D5A7FA8F10}.CD_ROM|Any CPU.Build.0 = Release|Any CPU
		{AD6434DD-FACB-46C2-8375-28D5A7FA8F10}.CD_ROM|Mixed Platforms.ActiveCfg = Release|Any CPU
		{AD6434DD-FACB-46C2-8375-28D5A7FA8F10}.CD_ROM|Mixed Platforms.Build.0 = Release|Any CPU
		{AD6434DD-FACB-46C2-8375-28D5A7FA8F10}.Debug|.NET.ActiveCfg = Debug|Any CPU
		{AD6434DD-FACB-46C2-8375-28D5A7FA8F10}.Debug|Any CPU.ActiveCfg = Debug|Any CPU
		{AD6434DD-FACB-46C2-8375-28D5A7FA8F10}.Debug|Any CPU.Build.0 = Debug|Any CPU
		{AD6434DD-FACB-46C2-8375-28D5A7FA8F10}.Debug|Mixed Platforms.ActiveCfg = Debug|Any CPU
		{AD6434DD-FACB-46C2-8375-28D5A7FA8F10}.Debug|Mixed Platforms.Build.0 = Debug|Any CPU
		{AD6434DD-FACB-46C2-8375-28D5A7FA8F10}.DVD-5|.NET.ActiveCfg = Debug|Any CPU
		{AD6434DD-FACB-46C2-8375-28D5A7FA8F10}.DVD-5|.NET.Build.0 = Debug|Any CPU
		{AD6434DD-FACB-46C2-8375-28D5A7FA8F10}.DVD-5|Any CPU.ActiveCfg = Debug|Any CPU
		{AD6434DD-FACB-46C2-8375-28D5A7FA8F10}.DVD-5|Any CPU.Build.0 = Debug|Any CPU
		{AD6434DD-FACB-46C2-8375-28D5A7FA8F10}.DVD-5|Mixed Platforms.ActiveCfg = Debug|Any CPU
		{AD6434DD-FACB-46C2-8375-28D5A7FA8F10}.DVD-5|Mixed Platforms.Build.0 = Debug|Any CPU
		{AD6434DD-FACB-46C2-8375-28D5A7FA8F10}.Release|.NET.ActiveCfg = Release|Any CPU
		{AD6434DD-FACB-46C2-8375-28D5A7FA8F10}.Release|Any CPU.ActiveCfg = Release|Any CPU
		{AD6434DD-FACB-46C2-8375-28D5A7FA8F10}.Release|Any CPU.Build.0 = Release|Any CPU
		{AD6434DD-FACB-46C2-8375-28D5A7FA8F10}.Release|Mixed Platforms.ActiveCfg = Release|Any CPU
		{AD6434DD-FACB-46C2-8375-28D5A7FA8F10}.Release|Mixed Platforms.Build.0 = Release|Any CPU
		{AD6434DD-FACB-46C2-8375-28D5A7FA8F10}.SingleImage|.NET.ActiveCfg = Release|Any CPU
		{AD6434DD-FACB-46C2-8375-28D5A7FA8F10}.SingleImage|.NET.Build.0 = Release|Any CPU
		{AD6434DD-FACB-46C2-8375-28D5A7FA8F10}.SingleImage|Any CPU.ActiveCfg = Release|Any CPU
		{AD6434DD-FACB-46C2-8375-28D5A7FA8F10}.SingleImage|Any CPU.Build.0 = Release|Any CPU
		{AD6434DD-FACB-46C2-8375-28D5A7FA8F10}.SingleImage|Mixed Platforms.ActiveCfg = Release|Any CPU
		{AD6434DD-FACB-46C2-8375-28D5A7FA8F10}.SingleImage|Mixed Platforms.Build.0 = Release|Any CPU
		{E9BE193C-7E8E-4D30-9522-B04D3697DEA1}.CD_ROM|.NET.ActiveCfg = Release|Any CPU
		{E9BE193C-7E8E-4D30-9522-B04D3697DEA1}.CD_ROM|.NET.Build.0 = Release|Any CPU
		{E9BE193C-7E8E-4D30-9522-B04D3697DEA1}.CD_ROM|Any CPU.ActiveCfg = Release|Any CPU
		{E9BE193C-7E8E-4D30-9522-B04D3697DEA1}.CD_ROM|Any CPU.Build.0 = Release|Any CPU
		{E9BE193C-7E8E-4D30-9522-B04D3697DEA1}.CD_ROM|Mixed Platforms.ActiveCfg = Release|Any CPU
		{E9BE193C-7E8E-4D30-9522-B04D3697DEA1}.CD_ROM|Mixed Platforms.Build.0 = Release|Any CPU
		{E9BE193C-7E8E-4D30-9522-B04D3697DEA1}.Debug|.NET.ActiveCfg = Debug|Any CPU
		{E9BE193C-7E8E-4D30-9522-B04D3697DEA1}.Debug|Any CPU.ActiveCfg = Debug|Any CPU
		{E9BE193C-7E8E-4D30-9522-B04D3697DEA1}.Debug|Any CPU.Build.0 = Debug|Any CPU
		{E9BE193C-7E8E-4D30-9522-B04D3697DEA1}.Debug|Mixed Platforms.ActiveCfg = Debug|Any CPU
		{E9BE193C-7E8E-4D30-9522-B04D3697DEA1}.Debug|Mixed Platforms.Build.0 = Debug|Any CPU
		{E9BE193C-7E8E-4D30-9522-B04D3697DEA1}.DVD-5|.NET.ActiveCfg = Debug|Any CPU
		{E9BE193C-7E8E-4D30-9522-B04D3697DEA1}.DVD-5|.NET.Build.0 = Debug|Any CPU
		{E9BE193C-7E8E-4D30-9522-B04D3697DEA1}.DVD-5|Any CPU.ActiveCfg = Debug|Any CPU
		{E9BE193C-7E8E-4D30-9522-B04D3697DEA1}.DVD-5|Any CPU.Build.0 = Debug|Any CPU
		{E9BE193C-7E8E-4D30-9522-B04D3697DEA1}.DVD-5|Mixed Platforms.ActiveCfg = Debug|Any CPU
		{E9BE193C-7E8E-4D30-9522-B04D3697DEA1}.DVD-5|Mixed Platforms.Build.0 = Debug|Any CPU
		{E9BE193C-7E8E-4D30-9522-B04D3697DEA1}.Release|.NET.ActiveCfg = Release|Any CPU
		{E9BE193C-7E8E-4D30-9522-B04D3697DEA1}.Release|Any CPU.ActiveCfg = Release|Any CPU
		{E9BE193C-7E8E-4D30-9522-B04D3697DEA1}.Release|Any CPU.Build.0 = Release|Any CPU
		{E9BE193C-7E8E-4D30-9522-B04D3697DEA1}.Release|Mixed Platforms.ActiveCfg = Release|Any CPU
		{E9BE193C-7E8E-4D30-9522-B04D3697DEA1}.Release|Mixed Platforms.Build.0 = Release|Any CPU
		{E9BE193C-7E8E-4D30-9522-B04D3697DEA1}.SingleImage|.NET.ActiveCfg = Release|Any CPU
		{E9BE193C-7E8E-4D30-9522-B04D3697DEA1}.SingleImage|.NET.Build.0 = Release|Any CPU
		{E9BE193C-7E8E-4D30-9522-B04D3697DEA1}.SingleImage|Any CPU.ActiveCfg = Release|Any CPU
		{E9BE193C-7E8E-4D30-9522-B04D3697DEA1}.SingleImage|Any CPU.Build.0 = Release|Any CPU
		{E9BE193C-7E8E-4D30-9522-B04D3697DEA1}.SingleImage|Mixed Platforms.ActiveCfg = Release|Any CPU
		{E9BE193C-7E8E-4D30-9522-B04D3697DEA1}.SingleImage|Mixed Platforms.Build.0 = Release|Any CPU
		{57FC4498-CAB1-4C17-AB96-8EE594649DAB}.CD_ROM|.NET.ActiveCfg = Release|Any CPU
		{57FC4498-CAB1-4C17-AB96-8EE594649DAB}.CD_ROM|.NET.Build.0 = Release|Any CPU
		{57FC4498-CAB1-4C17-AB96-8EE594649DAB}.CD_ROM|Any CPU.ActiveCfg = Release|Any CPU
		{57FC4498-CAB1-4C17-AB96-8EE594649DAB}.CD_ROM|Any CPU.Build.0 = Release|Any CPU
		{57FC4498-CAB1-4C17-AB96-8EE594649DAB}.CD_ROM|Mixed Platforms.ActiveCfg = Release|Any CPU
		{57FC4498-CAB1-4C17-AB96-8EE594649DAB}.CD_ROM|Mixed Platforms.Build.0 = Release|Any CPU
		{57FC4498-CAB1-4C17-AB96-8EE594649DAB}.Debug|.NET.ActiveCfg = Debug|Any CPU
		{57FC4498-CAB1-4C17-AB96-8EE594649DAB}.Debug|.NET.Build.0 = Debug|Any CPU
		{57FC4498-CAB1-4C17-AB96-8EE594649DAB}.Debug|Any CPU.ActiveCfg = Debug|Any CPU
		{57FC4498-CAB1-4C17-AB96-8EE594649DAB}.Debug|Any CPU.Build.0 = Debug|Any CPU
		{57FC4498-CAB1-4C17-AB96-8EE594649DAB}.Debug|Mixed Platforms.ActiveCfg = Debug|Any CPU
		{57FC4498-CAB1-4C17-AB96-8EE594649DAB}.Debug|Mixed Platforms.Build.0 = Debug|Any CPU
		{57FC4498-CAB1-4C17-AB96-8EE594649DAB}.DVD-5|.NET.ActiveCfg = Debug|Any CPU
		{57FC4498-CAB1-4C17-AB96-8EE594649DAB}.DVD-5|.NET.Build.0 = Debug|Any CPU
		{57FC4498-CAB1-4C17-AB96-8EE594649DAB}.DVD-5|Any CPU.ActiveCfg = Debug|Any CPU
		{57FC4498-CAB1-4C17-AB96-8EE594649DAB}.DVD-5|Any CPU.Build.0 = Debug|Any CPU
		{57FC4498-CAB1-4C17-AB96-8EE594649DAB}.DVD-5|Mixed Platforms.ActiveCfg = Debug|Any CPU
		{57FC4498-CAB1-4C17-AB96-8EE594649DAB}.DVD-5|Mixed Platforms.Build.0 = Debug|Any CPU
		{57FC4498-CAB1-4C17-AB96-8EE594649DAB}.Release|.NET.ActiveCfg = Release|Any CPU
		{57FC4498-CAB1-4C17-AB96-8EE594649DAB}.Release|.NET.Build.0 = Release|Any CPU
		{57FC4498-CAB1-4C17-AB96-8EE594649DAB}.Release|Any CPU.ActiveCfg = Release|Any CPU
		{57FC4498-CAB1-4C17-AB96-8EE594649DAB}.Release|Any CPU.Build.0 = Release|Any CPU
		{57FC4498-CAB1-4C17-AB96-8EE594649DAB}.Release|Mixed Platforms.ActiveCfg = Release|Any CPU
		{57FC4498-CAB1-4C17-AB96-8EE594649DAB}.Release|Mixed Platforms.Build.0 = Release|Any CPU
		{57FC4498-CAB1-4C17-AB96-8EE594649DAB}.SingleImage|.NET.ActiveCfg = Release|Any CPU
		{57FC4498-CAB1-4C17-AB96-8EE594649DAB}.SingleImage|.NET.Build.0 = Release|Any CPU
		{57FC4498-CAB1-4C17-AB96-8EE594649DAB}.SingleImage|Any CPU.ActiveCfg = Release|Any CPU
		{57FC4498-CAB1-4C17-AB96-8EE594649DAB}.SingleImage|Any CPU.Build.0 = Release|Any CPU
		{57FC4498-CAB1-4C17-AB96-8EE594649DAB}.SingleImage|Mixed Platforms.ActiveCfg = Release|Any CPU
		{57FC4498-CAB1-4C17-AB96-8EE594649DAB}.SingleImage|Mixed Platforms.Build.0 = Release|Any CPU
		{62902254-E04B-48B2-B294-573CF705D749}.CD_ROM|.NET.ActiveCfg = Release|Any CPU
		{62902254-E04B-48B2-B294-573CF705D749}.CD_ROM|.NET.Build.0 = Release|Any CPU
		{62902254-E04B-48B2-B294-573CF705D749}.CD_ROM|Any CPU.ActiveCfg = Release|Any CPU
		{62902254-E04B-48B2-B294-573CF705D749}.CD_ROM|Any CPU.Build.0 = Release|Any CPU
		{62902254-E04B-48B2-B294-573CF705D749}.CD_ROM|Mixed Platforms.ActiveCfg = Release|Any CPU
		{62902254-E04B-48B2-B294-573CF705D749}.CD_ROM|Mixed Platforms.Build.0 = Release|Any CPU
		{62902254-E04B-48B2-B294-573CF705D749}.Debug|.NET.ActiveCfg = Debug|Any CPU
		{62902254-E04B-48B2-B294-573CF705D749}.Debug|.NET.Build.0 = Debug|Any CPU
		{62902254-E04B-48B2-B294-573CF705D749}.Debug|Any CPU.ActiveCfg = Debug|Any CPU
		{62902254-E04B-48B2-B294-573CF705D749}.Debug|Any CPU.Build.0 = Debug|Any CPU
		{62902254-E04B-48B2-B294-573CF705D749}.Debug|Mixed Platforms.ActiveCfg = Debug|Any CPU
		{62902254-E04B-48B2-B294-573CF705D749}.Debug|Mixed Platforms.Build.0 = Debug|Any CPU
		{62902254-E04B-48B2-B294-573CF705D749}.DVD-5|.NET.ActiveCfg = Debug|Any CPU
		{62902254-E04B-48B2-B294-573CF705D749}.DVD-5|.NET.Build.0 = Debug|Any CPU
		{62902254-E04B-48B2-B294-573CF705D749}.DVD-5|Any CPU.ActiveCfg = Debug|Any CPU
		{62902254-E04B-48B2-B294-573CF705D749}.DVD-5|Any CPU.Build.0 = Debug|Any CPU
		{62902254-E04B-48B2-B294-573CF705D749}.DVD-5|Mixed Platforms.ActiveCfg = Debug|Any CPU
		{62902254-E04B-48B2-B294-573CF705D749}.DVD-5|Mixed Platforms.Build.0 = Debug|Any CPU
		{62902254-E04B-48B2-B294-573CF705D749}.Release|.NET.ActiveCfg = Release|Any CPU
		{62902254-E04B-48B2-B294-573CF705D749}.Release|.NET.Build.0 = Release|Any CPU
		{62902254-E04B-48B2-B294-573CF705D749}.Release|Any CPU.ActiveCfg = Release|Any CPU
		{62902254-E04B-48B2-B294-573CF705D749}.Release|Any CPU.Build.0 = Release|Any CPU
		{62902254-E04B-48B2-B294-573CF705D749}.Release|Mixed Platforms.ActiveCfg = Release|Any CPU
		{62902254-E04B-48B2-B294-573CF705D749}.Release|Mixed Platforms.Build.0 = Release|Any CPU
		{62902254-E04B-48B2-B294-573CF705D749}.SingleImage|.NET.ActiveCfg = Release|Any CPU
		{62902254-E04B-48B2-B294-573CF705D749}.SingleImage|.NET.Build.0 = Release|Any CPU
		{62902254-E04B-48B2-B294-573CF705D749}.SingleImage|Any CPU.ActiveCfg = Release|Any CPU
		{62902254-E04B-48B2-B294-573CF705D749}.SingleImage|Any CPU.Build.0 = Release|Any CPU
		{62902254-E04B-48B2-B294-573CF705D749}.SingleImage|Mixed Platforms.ActiveCfg = Release|Any CPU
		{62902254-E04B-48B2-B294-573CF705D749}.SingleImage|Mixed Platforms.Build.0 = Release|Any CPU
		{71804848-40AE-417E-887F-4CF14B627242}.CD_ROM|.NET.ActiveCfg = Release|Any CPU
		{71804848-40AE-417E-887F-4CF14B627242}.CD_ROM|.NET.Build.0 = Release|Any CPU
		{71804848-40AE-417E-887F-4CF14B627242}.CD_ROM|Any CPU.ActiveCfg = Release|Any CPU
		{71804848-40AE-417E-887F-4CF14B627242}.CD_ROM|Any CPU.Build.0 = Release|Any CPU
		{71804848-40AE-417E-887F-4CF14B627242}.CD_ROM|Mixed Platforms.ActiveCfg = Release|Any CPU
		{71804848-40AE-417E-887F-4CF14B627242}.CD_ROM|Mixed Platforms.Build.0 = Release|Any CPU
		{71804848-40AE-417E-887F-4CF14B627242}.Debug|.NET.ActiveCfg = Debug|Any CPU
		{71804848-40AE-417E-887F-4CF14B627242}.Debug|.NET.Build.0 = Debug|Any CPU
		{71804848-40AE-417E-887F-4CF14B627242}.Debug|Any CPU.ActiveCfg = Debug|Any CPU
		{71804848-40AE-417E-887F-4CF14B627242}.Debug|Any CPU.Build.0 = Debug|Any CPU
		{71804848-40AE-417E-887F-4CF14B627242}.Debug|Mixed Platforms.ActiveCfg = Debug|Any CPU
		{71804848-40AE-417E-887F-4CF14B627242}.Debug|Mixed Platforms.Build.0 = Debug|Any CPU
		{71804848-40AE-417E-887F-4CF14B627242}.DVD-5|.NET.ActiveCfg = Debug|Any CPU
		{71804848-40AE-417E-887F-4CF14B627242}.DVD-5|.NET.Build.0 = Debug|Any CPU
		{71804848-40AE-417E-887F-4CF14B627242}.DVD-5|Any CPU.ActiveCfg = Debug|Any CPU
		{71804848-40AE-417E-887F-4CF14B627242}.DVD-5|Any CPU.Build.0 = Debug|Any CPU
		{71804848-40AE-417E-887F-4CF14B627242}.DVD-5|Mixed Platforms.ActiveCfg = Debug|Any CPU
		{71804848-40AE-417E-887F-4CF14B627242}.DVD-5|Mixed Platforms.Build.0 = Debug|Any CPU
		{71804848-40AE-417E-887F-4CF14B627242}.Release|.NET.ActiveCfg = Release|Any CPU
		{71804848-40AE-417E-887F-4CF14B627242}.Release|.NET.Build.0 = Release|Any CPU
		{71804848-40AE-417E-887F-4CF14B627242}.Release|Any CPU.ActiveCfg = Release|Any CPU
		{71804848-40AE-417E-887F-4CF14B627242}.Release|Any CPU.Build.0 = Release|Any CPU
		{71804848-40AE-417E-887F-4CF14B627242}.Release|Mixed Platforms.ActiveCfg = Release|Any CPU
		{71804848-40AE-417E-887F-4CF14B627242}.Release|Mixed Platforms.Build.0 = Release|Any CPU
		{71804848-40AE-417E-887F-4CF14B627242}.SingleImage|.NET.ActiveCfg = Release|Any CPU
		{71804848-40AE-417E-887F-4CF14B627242}.SingleImage|.NET.Build.0 = Release|Any CPU
		{71804848-40AE-417E-887F-4CF14B627242}.SingleImage|Any CPU.ActiveCfg = Release|Any CPU
		{71804848-40AE-417E-887F-4CF14B627242}.SingleImage|Any CPU.Build.0 = Release|Any CPU
		{71804848-40AE-417E-887F-4CF14B627242}.SingleImage|Mixed Platforms.ActiveCfg = Release|Any CPU
		{71804848-40AE-417E-887F-4CF14B627242}.SingleImage|Mixed Platforms.Build.0 = Release|Any CPU
		{97D46D12-37F5-4466-806D-14E61755E7F8}.CD_ROM|.NET.ActiveCfg = Release|.NET
		{97D46D12-37F5-4466-806D-14E61755E7F8}.CD_ROM|.NET.Build.0 = Release|.NET
		{97D46D12-37F5-4466-806D-14E61755E7F8}.CD_ROM|Any CPU.ActiveCfg = Release|.NET
		{97D46D12-37F5-4466-806D-14E61755E7F8}.CD_ROM|Any CPU.Build.0 = Release|.NET
		{97D46D12-37F5-4466-806D-14E61755E7F8}.CD_ROM|Mixed Platforms.ActiveCfg = Release|.NET
		{97D46D12-37F5-4466-806D-14E61755E7F8}.CD_ROM|Mixed Platforms.Build.0 = Release|.NET
		{97D46D12-37F5-4466-806D-14E61755E7F8}.Debug|.NET.ActiveCfg = Release|.NET
		{97D46D12-37F5-4466-806D-14E61755E7F8}.Debug|.NET.Build.0 = Release|.NET
		{97D46D12-37F5-4466-806D-14E61755E7F8}.Debug|Any CPU.ActiveCfg = Release|.NET
		{97D46D12-37F5-4466-806D-14E61755E7F8}.Debug|Any CPU.Build.0 = Release|.NET
		{97D46D12-37F5-4466-806D-14E61755E7F8}.Debug|Mixed Platforms.ActiveCfg = Release|.NET
		{97D46D12-37F5-4466-806D-14E61755E7F8}.Debug|Mixed Platforms.Build.0 = Release|.NET
		{97D46D12-37F5-4466-806D-14E61755E7F8}.DVD-5|.NET.ActiveCfg = Release|.NET
		{97D46D12-37F5-4466-806D-14E61755E7F8}.DVD-5|.NET.Build.0 = Release|.NET
		{97D46D12-37F5-4466-806D-14E61755E7F8}.DVD-5|Any CPU.ActiveCfg = Release|.NET
		{97D46D12-37F5-4466-806D-14E61755E7F8}.DVD-5|Any CPU.Build.0 = Release|.NET
		{97D46D12-37F5-4466-806D-14E61755E7F8}.DVD-5|Mixed Platforms.ActiveCfg = Release|.NET
		{97D46D12-37F5-4466-806D-14E61755E7F8}.DVD-5|Mixed Platforms.Build.0 = Release|.NET
		{97D46D12-37F5-4466-806D-14E61755E7F8}.Release|.NET.ActiveCfg = Release|.NET
		{97D46D12-37F5-4466-806D-14E61755E7F8}.Release|.NET.Build.0 = Release|.NET
		{97D46D12-37F5-4466-806D-14E61755E7F8}.Release|Any CPU.ActiveCfg = Release|.NET
		{97D46D12-37F5-4466-806D-14E61755E7F8}.Release|Mixed Platforms.ActiveCfg = Release|.NET
		{97D46D12-37F5-4466-806D-14E61755E7F8}.Release|Mixed Platforms.Build.0 = Release|.NET
		{97D46D12-37F5-4466-806D-14E61755E7F8}.SingleImage|.NET.ActiveCfg = Release|.NET
		{97D46D12-37F5-4466-806D-14E61755E7F8}.SingleImage|.NET.Build.0 = Release|.NET
		{97D46D12-37F5-4466-806D-14E61755E7F8}.SingleImage|Any CPU.ActiveCfg = Release|.NET
		{97D46D12-37F5-4466-806D-14E61755E7F8}.SingleImage|Any CPU.Build.0 = Release|.NET
		{97D46D12-37F5-4466-806D-14E61755E7F8}.SingleImage|Mixed Platforms.ActiveCfg = Release|.NET
		{97D46D12-37F5-4466-806D-14E61755E7F8}.SingleImage|Mixed Platforms.Build.0 = Release|.NET
		{D654A0B0-1E18-454B-8857-DD300FC0681D}.CD_ROM|.NET.ActiveCfg = Release|Any CPU
		{D654A0B0-1E18-454B-8857-DD300FC0681D}.CD_ROM|.NET.Build.0 = Release|Any CPU
		{D654A0B0-1E18-454B-8857-DD300FC0681D}.CD_ROM|Any CPU.ActiveCfg = Release|Any CPU
		{D654A0B0-1E18-454B-8857-DD300FC0681D}.CD_ROM|Any CPU.Build.0 = Release|Any CPU
		{D654A0B0-1E18-454B-8857-DD300FC0681D}.CD_ROM|Mixed Platforms.ActiveCfg = Release|Any CPU
		{D654A0B0-1E18-454B-8857-DD300FC0681D}.CD_ROM|Mixed Platforms.Build.0 = Release|Any CPU
		{D654A0B0-1E18-454B-8857-DD300FC0681D}.Debug|.NET.ActiveCfg = Debug|Any CPU
		{D654A0B0-1E18-454B-8857-DD300FC0681D}.Debug|.NET.Build.0 = Debug|Any CPU
		{D654A0B0-1E18-454B-8857-DD300FC0681D}.Debug|Any CPU.ActiveCfg = Debug|Any CPU
		{D654A0B0-1E18-454B-8857-DD300FC0681D}.Debug|Any CPU.Build.0 = Debug|Any CPU
		{D654A0B0-1E18-454B-8857-DD300FC0681D}.Debug|Mixed Platforms.ActiveCfg = Debug|Any CPU
		{D654A0B0-1E18-454B-8857-DD300FC0681D}.Debug|Mixed Platforms.Build.0 = Debug|Any CPU
		{D654A0B0-1E18-454B-8857-DD300FC0681D}.DVD-5|.NET.ActiveCfg = Debug|Any CPU
		{D654A0B0-1E18-454B-8857-DD300FC0681D}.DVD-5|.NET.Build.0 = Debug|Any CPU
		{D654A0B0-1E18-454B-8857-DD300FC0681D}.DVD-5|Any CPU.ActiveCfg = Debug|Any CPU
		{D654A0B0-1E18-454B-8857-DD300FC0681D}.DVD-5|Any CPU.Build.0 = Debug|Any CPU
		{D654A0B0-1E18-454B-8857-DD300FC0681D}.DVD-5|Mixed Platforms.ActiveCfg = Debug|Any CPU
		{D654A0B0-1E18-454B-8857-DD300FC0681D}.DVD-5|Mixed Platforms.Build.0 = Debug|Any CPU
		{D654A0B0-1E18-454B-8857-DD300FC0681D}.Release|.NET.ActiveCfg = Release|Any CPU
		{D654A0B0-1E18-454B-8857-DD300FC0681D}.Release|.NET.Build.0 = Release|Any CPU
		{D654A0B0-1E18-454B-8857-DD300FC0681D}.Release|Any CPU.ActiveCfg = Release|Any CPU
		{D654A0B0-1E18-454B-8857-DD300FC0681D}.Release|Any CPU.Build.0 = Release|Any CPU
		{D654A0B0-1E18-454B-8857-DD300FC0681D}.Release|Mixed Platforms.ActiveCfg = Release|Any CPU
		{D654A0B0-1E18-454B-8857-DD300FC0681D}.Release|Mixed Platforms.Build.0 = Release|Any CPU
		{D654A0B0-1E18-454B-8857-DD300FC0681D}.SingleImage|.NET.ActiveCfg = Release|Any CPU
		{D654A0B0-1E18-454B-8857-DD300FC0681D}.SingleImage|.NET.Build.0 = Release|Any CPU
		{D654A0B0-1E18-454B-8857-DD300FC0681D}.SingleImage|Any CPU.ActiveCfg = Release|Any CPU
		{D654A0B0-1E18-454B-8857-DD300FC0681D}.SingleImage|Any CPU.Build.0 = Release|Any CPU
		{D654A0B0-1E18-454B-8857-DD300FC0681D}.SingleImage|Mixed Platforms.ActiveCfg = Release|Any CPU
		{D654A0B0-1E18-454B-8857-DD300FC0681D}.SingleImage|Mixed Platforms.Build.0 = Release|Any CPU
		{CD8E53D2-B177-494B-AE08-1CEEF98E43D7}.CD_ROM|.NET.ActiveCfg = Release|Any CPU
		{CD8E53D2-B177-494B-AE08-1CEEF98E43D7}.CD_ROM|.NET.Build.0 = Release|Any CPU
		{CD8E53D2-B177-494B-AE08-1CEEF98E43D7}.CD_ROM|Any CPU.ActiveCfg = Release|Any CPU
		{CD8E53D2-B177-494B-AE08-1CEEF98E43D7}.CD_ROM|Any CPU.Build.0 = Release|Any CPU
		{CD8E53D2-B177-494B-AE08-1CEEF98E43D7}.CD_ROM|Mixed Platforms.ActiveCfg = Release|Any CPU
		{CD8E53D2-B177-494B-AE08-1CEEF98E43D7}.CD_ROM|Mixed Platforms.Build.0 = Release|Any CPU
		{CD8E53D2-B177-494B-AE08-1CEEF98E43D7}.Debug|.NET.ActiveCfg = Debug|Any CPU
		{CD8E53D2-B177-494B-AE08-1CEEF98E43D7}.Debug|.NET.Build.0 = Debug|Any CPU
		{CD8E53D2-B177-494B-AE08-1CEEF98E43D7}.Debug|Any CPU.ActiveCfg = Debug|Any CPU
		{CD8E53D2-B177-494B-AE08-1CEEF98E43D7}.Debug|Any CPU.Build.0 = Debug|Any CPU
		{CD8E53D2-B177-494B-AE08-1CEEF98E43D7}.Debug|Mixed Platforms.ActiveCfg = Debug|Any CPU
		{CD8E53D2-B177-494B-AE08-1CEEF98E43D7}.Debug|Mixed Platforms.Build.0 = Debug|Any CPU
		{CD8E53D2-B177-494B-AE08-1CEEF98E43D7}.DVD-5|.NET.ActiveCfg = Debug|Any CPU
		{CD8E53D2-B177-494B-AE08-1CEEF98E43D7}.DVD-5|.NET.Build.0 = Debug|Any CPU
		{CD8E53D2-B177-494B-AE08-1CEEF98E43D7}.DVD-5|Any CPU.ActiveCfg = Debug|Any CPU
		{CD8E53D2-B177-494B-AE08-1CEEF98E43D7}.DVD-5|Any CPU.Build.0 = Debug|Any CPU
		{CD8E53D2-B177-494B-AE08-1CEEF98E43D7}.DVD-5|Mixed Platforms.ActiveCfg = Debug|Any CPU
		{CD8E53D2-B177-494B-AE08-1CEEF98E43D7}.DVD-5|Mixed Platforms.Build.0 = Debug|Any CPU
		{CD8E53D2-B177-494B-AE08-1CEEF98E43D7}.Release|.NET.ActiveCfg = Release|Any CPU
		{CD8E53D2-B177-494B-AE08-1CEEF98E43D7}.Release|.NET.Build.0 = Release|Any CPU
		{CD8E53D2-B177-494B-AE08-1CEEF98E43D7}.Release|Any CPU.ActiveCfg = Release|Any CPU
		{CD8E53D2-B177-494B-AE08-1CEEF98E43D7}.Release|Any CPU.Build.0 = Release|Any CPU
		{CD8E53D2-B177-494B-AE08-1CEEF98E43D7}.Release|Mixed Platforms.ActiveCfg = Release|Any CPU
		{CD8E53D2-B177-494B-AE08-1CEEF98E43D7}.Release|Mixed Platforms.Build.0 = Release|Any CPU
		{CD8E53D2-B177-494B-AE08-1CEEF98E43D7}.SingleImage|.NET.ActiveCfg = Release|Any CPU
		{CD8E53D2-B177-494B-AE08-1CEEF98E43D7}.SingleImage|.NET.Build.0 = Release|Any CPU
		{CD8E53D2-B177-494B-AE08-1CEEF98E43D7}.SingleImage|Any CPU.ActiveCfg = Release|Any CPU
		{CD8E53D2-B177-494B-AE08-1CEEF98E43D7}.SingleImage|Any CPU.Build.0 = Release|Any CPU
		{CD8E53D2-B177-494B-AE08-1CEEF98E43D7}.SingleImage|Mixed Platforms.ActiveCfg = Release|Any CPU
		{CD8E53D2-B177-494B-AE08-1CEEF98E43D7}.SingleImage|Mixed Platforms.Build.0 = Release|Any CPU
		{7D26C8FC-F2AF-4F82-9E7C-865574E71792}.CD_ROM|.NET.ActiveCfg = Release|Any CPU
		{7D26C8FC-F2AF-4F82-9E7C-865574E71792}.CD_ROM|.NET.Build.0 = Release|Any CPU
		{7D26C8FC-F2AF-4F82-9E7C-865574E71792}.CD_ROM|Any CPU.ActiveCfg = Release|Any CPU
		{7D26C8FC-F2AF-4F82-9E7C-865574E71792}.CD_ROM|Any CPU.Build.0 = Release|Any CPU
		{7D26C8FC-F2AF-4F82-9E7C-865574E71792}.CD_ROM|Mixed Platforms.ActiveCfg = Release|Any CPU
		{7D26C8FC-F2AF-4F82-9E7C-865574E71792}.CD_ROM|Mixed Platforms.Build.0 = Release|Any CPU
		{7D26C8FC-F2AF-4F82-9E7C-865574E71792}.Debug|.NET.ActiveCfg = Debug|Any CPU
		{7D26C8FC-F2AF-4F82-9E7C-865574E71792}.Debug|.NET.Build.0 = Debug|Any CPU
		{7D26C8FC-F2AF-4F82-9E7C-865574E71792}.Debug|Any CPU.ActiveCfg = Debug|Any CPU
		{7D26C8FC-F2AF-4F82-9E7C-865574E71792}.Debug|Any CPU.Build.0 = Debug|Any CPU
		{7D26C8FC-F2AF-4F82-9E7C-865574E71792}.Debug|Mixed Platforms.ActiveCfg = Debug|Any CPU
		{7D26C8FC-F2AF-4F82-9E7C-865574E71792}.Debug|Mixed Platforms.Build.0 = Debug|Any CPU
		{7D26C8FC-F2AF-4F82-9E7C-865574E71792}.DVD-5|.NET.ActiveCfg = Debug|Any CPU
		{7D26C8FC-F2AF-4F82-9E7C-865574E71792}.DVD-5|.NET.Build.0 = Debug|Any CPU
		{7D26C8FC-F2AF-4F82-9E7C-865574E71792}.DVD-5|Any CPU.ActiveCfg = Debug|Any CPU
		{7D26C8FC-F2AF-4F82-9E7C-865574E71792}.DVD-5|Any CPU.Build.0 = Debug|Any CPU
		{7D26C8FC-F2AF-4F82-9E7C-865574E71792}.DVD-5|Mixed Platforms.ActiveCfg = Debug|Any CPU
		{7D26C8FC-F2AF-4F82-9E7C-865574E71792}.DVD-5|Mixed Platforms.Build.0 = Debug|Any CPU
		{7D26C8FC-F2AF-4F82-9E7C-865574E71792}.Release|.NET.ActiveCfg = Release|Any CPU
		{7D26C8FC-F2AF-4F82-9E7C-865574E71792}.Release|.NET.Build.0 = Release|Any CPU
		{7D26C8FC-F2AF-4F82-9E7C-865574E71792}.Release|Any CPU.ActiveCfg = Release|Any CPU
		{7D26C8FC-F2AF-4F82-9E7C-865574E71792}.Release|Any CPU.Build.0 = Release|Any CPU
		{7D26C8FC-F2AF-4F82-9E7C-865574E71792}.Release|Mixed Platforms.ActiveCfg = Release|Any CPU
		{7D26C8FC-F2AF-4F82-9E7C-865574E71792}.Release|Mixed Platforms.Build.0 = Release|Any CPU
		{7D26C8FC-F2AF-4F82-9E7C-865574E71792}.SingleImage|.NET.ActiveCfg = Release|Any CPU
		{7D26C8FC-F2AF-4F82-9E7C-865574E71792}.SingleImage|.NET.Build.0 = Release|Any CPU
		{7D26C8FC-F2AF-4F82-9E7C-865574E71792}.SingleImage|Any CPU.ActiveCfg = Release|Any CPU
		{7D26C8FC-F2AF-4F82-9E7C-865574E71792}.SingleImage|Any CPU.Build.0 = Release|Any CPU
		{7D26C8FC-F2AF-4F82-9E7C-865574E71792}.SingleImage|Mixed Platforms.ActiveCfg = Release|Any CPU
		{7D26C8FC-F2AF-4F82-9E7C-865574E71792}.SingleImage|Mixed Platforms.Build.0 = Release|Any CPU
	EndGlobalSection
	GlobalSection(SolutionProperties) = preSolution
		HideSolutionNode = FALSE
	EndGlobalSection
	GlobalSection(ExtensibilityGlobals) = postSolution
		SolutionGuid = {5E4F5BC9-24F3-48C6-B1D5-D6923390A0EF}
	EndGlobalSection
EndGlobal
